
Microsoft Visual Studio Solution File, Format Version 12.00
# Visual Studio Version 17
VisualStudioVersion = 17.11.34929.205
MinimumVisualStudioVersion = 10.0.40219.1
Project("{9A19103F-16F7-4668-BE54-9A1E7A4F7556}") = "Owl.Domain", "src\Owl.Domain\Owl.Domain.csproj", "{9F4B4E23-613D-4B79-8F83-4E31E239ECBD}"
EndProject
Project("{9A19103F-16F7-4668-BE54-9A1E7A4F7556}") = "Owl.Infrastructure", "src\Owl.Infrastructure\Owl.Infrastructure.csproj", "{828F8625-1F1C-434F-9F83-C6257F20843B}"
EndProject
Project("{2150E333-8FDC-42A3-9474-1A3956D46DE8}") = "Tests", "Tests", "{2F6DC74D-5EBF-45F0-B59E-D12C87A5AAEE}"
EndProject
Project("{9A19103F-16F7-4668-BE54-9A1E7A4F7556}") = "Owl.Application.Tests", "tests\Owl.Application.Tests\Owl.Application.Tests.csproj", "{932F23F1-0FAE-49AC-9C1A-122C07782AFB}"
EndProject
Project("{9A19103F-16F7-4668-BE54-9A1E7A4F7556}") = "Owl.WpfApp", "src\Owl.WpfApp\Owl.WpfApp.csproj", "{C0E1A3FA-4269-4B6A-9F9F-25748C3AECB5}"
EndProject
Project("{9A19103F-16F7-4668-BE54-9A1E7A4F7556}") = "Owl.WpfApp.UnitTests", "tests\Owl.WpfApp.UnitTests\Owl.WpfApp.UnitTests.csproj", "{2DD6E0C5-E038-434F-B28E-136A4761E9EE}"
EndProject
Project("{9A19103F-16F7-4668-BE54-9A1E7A4F7556}") = "Owl.CoreApplication", "src\Owl.CoreApplication\Owl.CoreApplication.csproj", "{9CE97687-1A7B-49DB-9D73-5312ED0C60DD}"
EndProject
Global
	GlobalSection(SolutionConfigurationPlatforms) = preSolution
		Debug|Any CPU = Debug|Any CPU
		Release|Any CPU = Release|Any CPU
	EndGlobalSection
	GlobalSection(ProjectConfigurationPlatforms) = postSolution
		{9F4B4E23-613D-4B79-8F83-4E31E239ECBD}.Debug|Any CPU.ActiveCfg = Debug|Any CPU
		{9F4B4E23-613D-4B79-8F83-4E31E239ECBD}.Debug|Any CPU.Build.0 = Debug|Any CPU
		{9F4B4E23-613D-4B79-8F83-4E31E239ECBD}.Release|Any CPU.ActiveCfg = Release|Any CPU
		{9F4B4E23-613D-4B79-8F83-4E31E239ECBD}.Release|Any CPU.Build.0 = Release|Any CPU
		{828F8625-1F1C-434F-9F83-C6257F20843B}.Debug|Any CPU.ActiveCfg = Debug|Any CPU
		{828F8625-1F1C-434F-9F83-C6257F20843B}.Debug|Any CPU.Build.0 = Debug|Any CPU
		{828F8625-1F1C-434F-9F83-C6257F20843B}.Release|Any CPU.ActiveCfg = Release|Any CPU
		{828F8625-1F1C-434F-9F83-C6257F20843B}.Release|Any CPU.Build.0 = Release|Any CPU
		{932F23F1-0FAE-49AC-9C1A-122C07782AFB}.Debug|Any CPU.ActiveCfg = Debug|Any CPU
		{932F23F1-0FAE-49AC-9C1A-122C07782AFB}.Debug|Any CPU.Build.0 = Debug|Any CPU
		{932F23F1-0FAE-49AC-9C1A-122C07782AFB}.Release|Any CPU.ActiveCfg = Release|Any CPU
		{932F23F1-0FAE-49AC-9C1A-122C07782AFB}.Release|Any CPU.Build.0 = Release|Any CPU
		{C0E1A3FA-4269-4B6A-9F9F-25748C3AECB5}.Debug|Any CPU.ActiveCfg = Debug|Any CPU
		{C0E1A3FA-4269-4B6A-9F9F-25748C3AECB5}.Debug|Any CPU.Build.0 = Debug|Any CPU
		{C0E1A3FA-4269-4B6A-9F9F-25748C3AECB5}.Release|Any CPU.ActiveCfg = Release|Any CPU
		{C0E1A3FA-4269-4B6A-9F9F-25748C3AECB5}.Release|Any CPU.Build.0 = Release|Any CPU
		{2DD6E0C5-E038-434F-B28E-136A4761E9EE}.Debug|Any CPU.ActiveCfg = Debug|Any CPU
		{2DD6E0C5-E038-434F-B28E-136A4761E9EE}.Debug|Any CPU.Build.0 = Debug|Any CPU
		{2DD6E0C5-E038-434F-B28E-136A4761E9EE}.Release|Any CPU.ActiveCfg = Release|Any CPU
		{2DD6E0C5-E038-434F-B28E-136A4761E9EE}.Release|Any CPU.Build.0 = Release|Any CPU
		{9CE97687-1A7B-49DB-9D73-5312ED0C60DD}.Debug|Any CPU.ActiveCfg = Debug|Any CPU
		{9CE97687-1A7B-49DB-9D73-5312ED0C60DD}.Debug|Any CPU.Build.0 = Debug|Any CPU
		{9CE97687-1A7B-49DB-9D73-5312ED0C60DD}.Release|Any CPU.ActiveCfg = Release|Any CPU
		{9CE97687-1A7B-49DB-9D73-5312ED0C60DD}.Release|Any CPU.Build.0 = Release|Any CPU
	EndGlobalSection
	GlobalSection(SolutionProperties) = preSolution
		HideSolutionNode = FALSE
	EndGlobalSection
	GlobalSection(NestedProjects) = preSolution
		{932F23F1-0FAE-49AC-9C1A-122C07782AFB} = {2F6DC74D-5EBF-45F0-B59E-D12C87A5AAEE}
		{2DD6E0C5-E038-434F-B28E-136A4761E9EE} = {2F6DC74D-5EBF-45F0-B59E-D12C87A5AAEE}
	EndGlobalSection
	GlobalSection(ExtensibilityGlobals) = postSolution
		SolutionGuid = {D5D13D14-7D5D-446E-95A7-6F44721540F5}
	EndGlobalSection
EndGlobal
